
Microsoft Visual Studio Solution File, Format Version 12.00
# Visual Studio Version 16
VisualStudioVersion = 16.0.30907.101
MinimumVisualStudioVersion = 10.0.40219.1
Project("{FAE04EC0-301F-11D3-BF4B-00C04F79EFBC}") = "Bet", "Bet.csproj", "{5AE348A2-D56C-4DFD-A9E4-A139F661FCBF}"
EndProject
Project("{FAE04EC0-301F-11D3-BF4B-00C04F79EFBC}") = "Bet.Tests", "..\Bet.Tests\Bet.Tests.csproj", "{F2D79D07-C288-49EE-98F5-8BC72F07EB42}"
EndProject
Global
	GlobalSection(SolutionConfigurationPlatforms) = preSolution
		Debug|Any CPU = Debug|Any CPU
		Release|Any CPU = Release|Any CPU
	EndGlobalSection
	GlobalSection(ProjectConfigurationPlatforms) = postSolution
		{5AE348A2-D56C-4DFD-A9E4-A139F661FCBF}.Debug|Any CPU.ActiveCfg = Debug|Any CPU
		{5AE348A2-D56C-4DFD-A9E4-A139F661FCBF}.Debug|Any CPU.Build.0 = Debug|Any CPU
		{5AE348A2-D56C-4DFD-A9E4-A139F661FCBF}.Release|Any CPU.ActiveCfg = Release|Any CPU
		{5AE348A2-D56C-4DFD-A9E4-A139F661FCBF}.Release|Any CPU.Build.0 = Release|Any CPU
		{F2D79D07-C288-49EE-98F5-8BC72F07EB42}.Debug|Any CPU.ActiveCfg = Debug|Any CPU
		{F2D79D07-C288-49EE-98F5-8BC72F07EB42}.Debug|Any CPU.Build.0 = Debug|Any CPU
		{F2D79D07-C288-49EE-98F5-8BC72F07EB42}.Release|Any CPU.ActiveCfg = Release|Any CPU
		{F2D79D07-C288-49EE-98F5-8BC72F07EB42}.Release|Any CPU.Build.0 = Release|Any CPU
	EndGlobalSection
	GlobalSection(SolutionProperties) = preSolution
		HideSolutionNode = FALSE
	EndGlobalSection
	GlobalSection(ExtensibilityGlobals) = postSolution
		SolutionGuid = {2A73229B-E989-448C-AAF2-F9804619F15C}
	EndGlobalSection
EndGlobal
